
Microsoft Visual Studio Solution File, Format Version 12.00
# Visual Studio Version 16
VisualStudioVersion = 16.0.29806.167
MinimumVisualStudioVersion = 10.0.40219.1
Project("{FAE04EC0-301F-11D3-BF4B-00C04F79EFBC}") = "Grafika", "Grafika\Grafika.csproj", "{E7376CDD-0862-4E92-9534-D49EB8E97614}"
EndProject
Project("{FAE04EC0-301F-11D3-BF4B-00C04F79EFBC}") = "HistSomething", "HistSomething\HistSomething.csproj", "{7C1D55BB-A973-494D-9BC5-C16EFF1F4888}"
EndProject
Global
	GlobalSection(SolutionConfigurationPlatforms) = preSolution
		Debug|Any CPU = Debug|Any CPU
		Release|Any CPU = Release|Any CPU
	EndGlobalSection
	GlobalSection(ProjectConfigurationPlatforms) = postSolution
		{E7376CDD-0862-4E92-9534-D49EB8E97614}.Debug|Any CPU.ActiveCfg = Debug|Any CPU
		{E7376CDD-0862-4E92-9534-D49EB8E97614}.Debug|Any CPU.Build.0 = Debug|Any CPU
		{E7376CDD-0862-4E92-9534-D49EB8E97614}.Release|Any CPU.ActiveCfg = Release|Any CPU
		{E7376CDD-0862-4E92-9534-D49EB8E97614}.Release|Any CPU.Build.0 = Release|Any CPU
		{7C1D55BB-A973-494D-9BC5-C16EFF1F4888}.Debug|Any CPU.ActiveCfg = Debug|Any CPU
		{7C1D55BB-A973-494D-9BC5-C16EFF1F4888}.Debug|Any CPU.Build.0 = Debug|Any CPU
		{7C1D55BB-A973-494D-9BC5-C16EFF1F4888}.Release|Any CPU.ActiveCfg = Release|Any CPU
		{7C1D55BB-A973-494D-9BC5-C16EFF1F4888}.Release|Any CPU.Build.0 = Release|Any CPU
	EndGlobalSection
	GlobalSection(SolutionProperties) = preSolution
		HideSolutionNode = FALSE
	EndGlobalSection
	GlobalSection(ExtensibilityGlobals) = postSolution
		SolutionGuid = {CEDF75F9-E8B4-4C37-B78D-F9B1447F4C36}
	EndGlobalSection
EndGlobal
